
Microsoft Visual Studio Solution File, Format Version 12.00
# Visual Studio Version 17
VisualStudioVersion = 17.0.31903.59
MinimumVisualStudioVersion = 10.0.40219.1
Project("{FAE04EC0-301F-11D3-BF4B-00C04F79EFBC}") = "ErrorHandling", "ErrorHandling\ErrorHandling.csproj", "{538C993C-E772-406D-8DB7-E6929584C506}"
EndProject
Project("{FAE04EC0-301F-11D3-BF4B-00C04F79EFBC}") = "ErrorHandlingTests", "ErrorHandlingTests\ErrorHandlingTests.csproj", "{AC64059A-B2B1-42AE-AFB8-45A418C94EAA}"
EndProject
Global
	GlobalSection(SolutionConfigurationPlatforms) = preSolution
		Debug|Any CPU = Debug|Any CPU
		Release|Any CPU = Release|Any CPU
	EndGlobalSection
	GlobalSection(SolutionProperties) = preSolution
		HideSolutionNode = FALSE
	EndGlobalSection
	GlobalSection(ProjectConfigurationPlatforms) = postSolution
		{538C993C-E772-406D-8DB7-E6929584C506}.Debug|Any CPU.ActiveCfg = Debug|Any CPU
		{538C993C-E772-406D-8DB7-E6929584C506}.Debug|Any CPU.Build.0 = Debug|Any CPU
		{538C993C-E772-406D-8DB7-E6929584C506}.Release|Any CPU.ActiveCfg = Release|Any CPU
		{538C993C-E772-406D-8DB7-E6929584C506}.Release|Any CPU.Build.0 = Release|Any CPU
		{AC64059A-B2B1-42AE-AFB8-45A418C94EAA}.Debug|Any CPU.ActiveCfg = Debug|Any CPU
		{AC64059A-B2B1-42AE-AFB8-45A418C94EAA}.Debug|Any CPU.Build.0 = Debug|Any CPU
		{AC64059A-B2B1-42AE-AFB8-45A418C94EAA}.Release|Any CPU.ActiveCfg = Release|Any CPU
		{AC64059A-B2B1-42AE-AFB8-45A418C94EAA}.Release|Any CPU.Build.0 = Release|Any CPU
	EndGlobalSection
EndGlobal
